
Microsoft Visual Studio Solution File, Format Version 12.00
# Visual Studio Version 16
VisualStudioVersion = 16.0.32802.440
MinimumVisualStudioVersion = 10.0.40219.1
Project("{9A19103F-16F7-4668-BE54-9A1E7A4F7556}") = "Template", "Template\Template.csproj", "{8921AF0E-D04B-4306-B27E-49ED8A18C65E}"
EndProject
Project("{2150E333-8FDC-42A3-9474-1A3956D46DE8}") = "1-Web", "1-Web", "{3CEF1363-CBA1-4197-9380-C33D2D82EB4F}"
EndProject
Project("{2150E333-8FDC-42A3-9474-1A3956D46DE8}") = "2-Application", "2-Application", "{FEA664D0-1509-4C5B-8D1E-18846EA37726}"
EndProject
Project("{2150E333-8FDC-42A3-9474-1A3956D46DE8}") = "3-Domain", "3-Domain", "{89DBF683-EACE-41B9-82D8-12CA046B8F4B}"
EndProject
Project("{2150E333-8FDC-42A3-9474-1A3956D46DE8}") = "4-Infra", "4-Infra", "{1BEF6881-D245-42C2-91C8-3545389C1454}"
EndProject
Project("{9A19103F-16F7-4668-BE54-9A1E7A4F7556}") = "Template.Application", "Template.Application\Template.Application.csproj", "{4369CD37-C160-4F73-B9E9-A600F18CC175}"
EndProject
Project("{9A19103F-16F7-4668-BE54-9A1E7A4F7556}") = "Template.Domain", "Template.Domain\Template.Domain.csproj", "{D746B18E-7931-4B11-92D5-D66D9845DEC4}"
EndProject
Project("{9A19103F-16F7-4668-BE54-9A1E7A4F7556}") = "Template.Data", "Template.Data\Template.Data.csproj", "{410084F8-9606-4279-98A5-A23588CC2224}"
EndProject
Project("{2150E333-8FDC-42A3-9474-1A3956D46DE8}") = "4.1-Data", "4.1-Data", "{4B6F02C2-CF10-43D2-9DF2-E9F2E607A76D}"
EndProject
Project("{2150E333-8FDC-42A3-9474-1A3956D46DE8}") = "4.2-CrossCutting", "4.2-CrossCutting", "{07F7D2BA-752B-4120-A5EF-52DD4945F810}"
EndProject
Project("{FAE04EC0-301F-11D3-BF4B-00C04F79EFBC}") = "Template.IoC", "Template.IoC\Template.IoC.csproj", "{411BC7EF-4F36-4F25-904D-E47F54DE1C65}"
EndProject
Global
	GlobalSection(SolutionConfigurationPlatforms) = preSolution
		Debug|Any CPU = Debug|Any CPU
		Release|Any CPU = Release|Any CPU
	EndGlobalSection
	GlobalSection(ProjectConfigurationPlatforms) = postSolution
		{8921AF0E-D04B-4306-B27E-49ED8A18C65E}.Debug|Any CPU.ActiveCfg = Debug|Any CPU
		{8921AF0E-D04B-4306-B27E-49ED8A18C65E}.Debug|Any CPU.Build.0 = Debug|Any CPU
		{8921AF0E-D04B-4306-B27E-49ED8A18C65E}.Release|Any CPU.ActiveCfg = Release|Any CPU
		{8921AF0E-D04B-4306-B27E-49ED8A18C65E}.Release|Any CPU.Build.0 = Release|Any CPU
		{4369CD37-C160-4F73-B9E9-A600F18CC175}.Debug|Any CPU.ActiveCfg = Debug|Any CPU
		{4369CD37-C160-4F73-B9E9-A600F18CC175}.Debug|Any CPU.Build.0 = Debug|Any CPU
		{4369CD37-C160-4F73-B9E9-A600F18CC175}.Release|Any CPU.ActiveCfg = Release|Any CPU
		{4369CD37-C160-4F73-B9E9-A600F18CC175}.Release|Any CPU.Build.0 = Release|Any CPU
		{D746B18E-7931-4B11-92D5-D66D9845DEC4}.Debug|Any CPU.ActiveCfg = Debug|Any CPU
		{D746B18E-7931-4B11-92D5-D66D9845DEC4}.Debug|Any CPU.Build.0 = Debug|Any CPU
		{D746B18E-7931-4B11-92D5-D66D9845DEC4}.Release|Any CPU.ActiveCfg = Release|Any CPU
		{D746B18E-7931-4B11-92D5-D66D9845DEC4}.Release|Any CPU.Build.0 = Release|Any CPU
		{410084F8-9606-4279-98A5-A23588CC2224}.Debug|Any CPU.ActiveCfg = Debug|Any CPU
		{410084F8-9606-4279-98A5-A23588CC2224}.Debug|Any CPU.Build.0 = Debug|Any CPU
		{410084F8-9606-4279-98A5-A23588CC2224}.Release|Any CPU.ActiveCfg = Release|Any CPU
		{410084F8-9606-4279-98A5-A23588CC2224}.Release|Any CPU.Build.0 = Release|Any CPU
		{411BC7EF-4F36-4F25-904D-E47F54DE1C65}.Debug|Any CPU.ActiveCfg = Debug|Any CPU
		{411BC7EF-4F36-4F25-904D-E47F54DE1C65}.Debug|Any CPU.Build.0 = Debug|Any CPU
		{411BC7EF-4F36-4F25-904D-E47F54DE1C65}.Release|Any CPU.ActiveCfg = Release|Any CPU
		{411BC7EF-4F36-4F25-904D-E47F54DE1C65}.Release|Any CPU.Build.0 = Release|Any CPU
	EndGlobalSection
	GlobalSection(SolutionProperties) = preSolution
		HideSolutionNode = FALSE
	EndGlobalSection
	GlobalSection(NestedProjects) = preSolution
		{8921AF0E-D04B-4306-B27E-49ED8A18C65E} = {3CEF1363-CBA1-4197-9380-C33D2D82EB4F}
		{4369CD37-C160-4F73-B9E9-A600F18CC175} = {FEA664D0-1509-4C5B-8D1E-18846EA37726}
		{D746B18E-7931-4B11-92D5-D66D9845DEC4} = {89DBF683-EACE-41B9-82D8-12CA046B8F4B}
		{410084F8-9606-4279-98A5-A23588CC2224} = {4B6F02C2-CF10-43D2-9DF2-E9F2E607A76D}
		{4B6F02C2-CF10-43D2-9DF2-E9F2E607A76D} = {1BEF6881-D245-42C2-91C8-3545389C1454}
		{07F7D2BA-752B-4120-A5EF-52DD4945F810} = {1BEF6881-D245-42C2-91C8-3545389C1454}
		{411BC7EF-4F36-4F25-904D-E47F54DE1C65} = {07F7D2BA-752B-4120-A5EF-52DD4945F810}
	EndGlobalSection
	GlobalSection(ExtensibilityGlobals) = postSolution
		SolutionGuid = {735B1FE6-395B-452C-AAAD-34E3EBC7F91A}
	EndGlobalSection
EndGlobal
